
Microsoft Visual Studio Solution File, Format Version 12.00
# Visual Studio Version 16
VisualStudioVersion = 16.0.29709.97
MinimumVisualStudioVersion = 10.0.40219.1
Project("{FAE04EC0-301F-11D3-BF4B-00C04F79EFBC}") = "PilotSamples", "SamplesPilot\PilotSamples.csproj", "{CC45AACA-02F4-407D-94D0-CBC34C06AF16}"
EndProject
Project("{FAE04EC0-301F-11D3-BF4B-00C04F79EFBC}") = "RevitSamples", "SamplesRevit\RevitSamples.csproj", "{C81DF966-33DA-40E7-AE6E-1E663CD40275}"
EndProject
Global
	GlobalSection(SolutionConfigurationPlatforms) = preSolution
		Debug|Any CPU = Debug|Any CPU
		Release|Any CPU = Release|Any CPU
	EndGlobalSection
	GlobalSection(ProjectConfigurationPlatforms) = postSolution
		{CC45AACA-02F4-407D-94D0-CBC34C06AF16}.Debug|Any CPU.ActiveCfg = Debug|Any CPU
		{CC45AACA-02F4-407D-94D0-CBC34C06AF16}.Debug|Any CPU.Build.0 = Debug|Any CPU
		{CC45AACA-02F4-407D-94D0-CBC34C06AF16}.Release|Any CPU.ActiveCfg = Release|Any CPU
		{CC45AACA-02F4-407D-94D0-CBC34C06AF16}.Release|Any CPU.Build.0 = Release|Any CPU
		{C81DF966-33DA-40E7-AE6E-1E663CD40275}.Debug|Any CPU.ActiveCfg = Debug|Any CPU
		{C81DF966-33DA-40E7-AE6E-1E663CD40275}.Debug|Any CPU.Build.0 = Debug|Any CPU
		{C81DF966-33DA-40E7-AE6E-1E663CD40275}.Release|Any CPU.ActiveCfg = Release|Any CPU
		{C81DF966-33DA-40E7-AE6E-1E663CD40275}.Release|Any CPU.Build.0 = Release|Any CPU
	EndGlobalSection
	GlobalSection(SolutionProperties) = preSolution
		HideSolutionNode = FALSE
	EndGlobalSection
	GlobalSection(ExtensibilityGlobals) = postSolution
		SolutionGuid = {BC8E05EE-EA21-4807-8688-4704C3A8B98F}
	EndGlobalSection
EndGlobal
